<?xml version="1.0" encoding="utf-8"?>
<Project ToolsVersion="4.0" xmlns="http://schemas.microsoft.com/developer/msbuild/2003">
  <ItemGroup>
    <CudaCompile Include="src\camera.cu">
      <Filter>Source Files</Filter>
    </CudaCompile>
    <CudaCompile Include="src\stack.cu">
      <Filter>Source Files</Filter>
    </CudaCompile>
    <CudaCompile Include="src\kernel.cu">
      <Filter>Source Files</Filter>
    </CudaCompile>
  </ItemGroup>
  <ItemGroup>
    <Filter Include="Header files">
      <UniqueIdentifier>{0a5d9b26-a1be-4f7e-aacc-a2d9ab0eec59}</UniqueIdentifier>
    </Filter>
    <Filter Include="Source Files">
      <UniqueIdentifier>{0d18155c-da78-403c-a6f3-83d6d6cc0230}</UniqueIdentifier>
    </Filter>
  </ItemGroup>
  <ItemGroup>
    <ClCompile Include="src\main.cpp">
      <Filter>Source Files</Filter>
    </ClCompile>
    <ClCompile Include="src\window.cpp">
      <Filter>Source Files</Filter>
    </ClCompile>
    <ClCompile Include="src\mouse_device.cpp">
      <Filter>Source Files</Filter>
    </ClCompile>
    <ClCompile Include="src\font.cpp">
      <Filter>Source Files</Filter>
    </ClCompile>
    <ClCompile Include="src\texture.cpp">
      <Filter>Source Files</Filter>
    </ClCompile>
    <ClCompile Include="src\error_assertion.cpp">
      <Filter>Source Files</Filter>
    </ClCompile>
    <ClCompile Include="src\cmd_args.cpp">
      <Filter>Source Files</Filter>
    </ClCompile>
  </ItemGroup>
  <ItemGroup>
    <ClInclude Include="src\window.h">
      <Filter>Header files</Filter>
    </ClInclude>
    <ClInclude Include="src\camera.h">
      <Filter>Header files</Filter>
    </ClInclude>
    <ClInclude Include="src\vector3.h">
      <Filter>Header files</Filter>
    </ClInclude>
    <ClInclude Include="src\vector2.h">
      <Filter>Header files</Filter>
    </ClInclude>
    <ClInclude Include="src\ray.h">
      <Filter>Header files</Filter>
    </ClInclude>
    <ClInclude Include="src\intersectioninfo.h">
      <Filter>Header files</Filter>
    </ClInclude>
    <ClInclude Include="src\stack.h">
      <Filter>Header files</Filter>
    </ClInclude>
    <ClInclude Include="src\static_stack.h">
      <Filter>Header files</Filter>
    </ClInclude>
    <ClInclude Include="src\static_uniform_heap.h">
      <Filter>Header files</Filter>
    </ClInclude>
    <ClInclude Include="src\gametime.h">
      <Filter>Header files</Filter>
    </ClInclude>
    <ClInclude Include="src\mouse_device.h">
      <Filter>Header files</Filter>
    </ClInclude>
    <ClInclude Include="src\shared_device_pointer.h">
      <Filter>Header files</Filter>
    </ClInclude>
    <ClInclude Include="src\error_assertion.h">
      <Filter>Header files</Filter>
    </ClInclude>
    <ClInclude Include="src\sphere.h">
      <Filter>Header files</Filter>
    </ClInclude>
    <ClInclude Include="src\SDL_ttf.h">
      <Filter>Header files</Filter>
    </ClInclude>
    <ClInclude Include="src\font.h">
      <Filter>Header files</Filter>
    </ClInclude>
    <ClInclude Include="src\texture.h">
      <Filter>Header files</Filter>
    </ClInclude>
    <ClInclude Include="src\cmd_args.h">
      <Filter>Header files</Filter>
    </ClInclude>
  </ItemGroup>
</Project>